
Microsoft Visual Studio Solution File, Format Version 12.00
# Visual Studio Version 17
VisualStudioVersion = 17.5.002.0
MinimumVisualStudioVersion = 10.0.40219.1
Project("{9A19103F-16F7-4668-BE54-9A1E7A4F7556}") = "StoreApi", "StoreApi.csproj", "{61BC1EF2-7363-4E00-9E7A-3370BC96CAA3}"
EndProject
Global
	GlobalSection(SolutionConfigurationPlatforms) = preSolution
		Debug|Any CPU = Debug|Any CPU
		Release|Any CPU = Release|Any CPU
	EndGlobalSection
	GlobalSection(ProjectConfigurationPlatforms) = postSolution
		{61BC1EF2-7363-4E00-9E7A-3370BC96CAA3}.Debug|Any CPU.ActiveCfg = Debug|Any CPU
		{61BC1EF2-7363-4E00-9E7A-3370BC96CAA3}.Debug|Any CPU.Build.0 = Debug|Any CPU
		{61BC1EF2-7363-4E00-9E7A-3370BC96CAA3}.Release|Any CPU.ActiveCfg = Release|Any CPU
		{61BC1EF2-7363-4E00-9E7A-3370BC96CAA3}.Release|Any CPU.Build.0 = Release|Any CPU
	EndGlobalSection
	GlobalSection(SolutionProperties) = preSolution
		HideSolutionNode = FALSE
	EndGlobalSection
	GlobalSection(ExtensibilityGlobals) = postSolution
		SolutionGuid = {C3019915-5BF8-4E2C-B509-296AA1FCD6D9}
	EndGlobalSection
EndGlobal
